
Microsoft Visual Studio Solution File, Format Version 12.00
# Visual Studio Version 16
VisualStudioVersion = 16.0.30517.126
MinimumVisualStudioVersion = 10.0.40219.1
Project("{FAE04EC0-301F-11D3-BF4B-00C04F79EFBC}") = "SPP8", "SPP8.csproj", "{E9E45BE8-5E76-421B-88BF-B3032185C49D}"
EndProject
Global
	GlobalSection(SolutionConfigurationPlatforms) = preSolution
		Debug|Any CPU = Debug|Any CPU
		Release|Any CPU = Release|Any CPU
	EndGlobalSection
	GlobalSection(ProjectConfigurationPlatforms) = postSolution
		{E9E45BE8-5E76-421B-88BF-B3032185C49D}.Debug|Any CPU.ActiveCfg = Debug|Any CPU
		{E9E45BE8-5E76-421B-88BF-B3032185C49D}.Debug|Any CPU.Build.0 = Debug|Any CPU
		{E9E45BE8-5E76-421B-88BF-B3032185C49D}.Release|Any CPU.ActiveCfg = Release|Any CPU
		{E9E45BE8-5E76-421B-88BF-B3032185C49D}.Release|Any CPU.Build.0 = Release|Any CPU
	EndGlobalSection
	GlobalSection(SolutionProperties) = preSolution
		HideSolutionNode = FALSE
	EndGlobalSection
	GlobalSection(ExtensibilityGlobals) = postSolution
		SolutionGuid = {AF523F5E-1877-4502-98B9-B55D1B3905F7}
	EndGlobalSection
EndGlobal
