
Microsoft Visual Studio Solution File, Format Version 12.00
# Visual Studio 15
VisualStudioVersion = 15.0.28307.168
MinimumVisualStudioVersion = 10.0.40219.1
Project("{FAE04EC0-301F-11D3-BF4B-00C04F79EFBC}") = "Web", "Web\Web.csproj", "{D829FDFF-F8A6-4156-BA26-83AAACA74379}"
EndProject
Global
	GlobalSection(SolutionConfigurationPlatforms) = preSolution
		Debug|Any CPU = Debug|Any CPU
		Release|Any CPU = Release|Any CPU
	EndGlobalSection
	GlobalSection(ProjectConfigurationPlatforms) = postSolution
		{D829FDFF-F8A6-4156-BA26-83AAACA74379}.Debug|Any CPU.ActiveCfg = Debug|Any CPU
		{D829FDFF-F8A6-4156-BA26-83AAACA74379}.Debug|Any CPU.Build.0 = Debug|Any CPU
		{D829FDFF-F8A6-4156-BA26-83AAACA74379}.Release|Any CPU.ActiveCfg = Release|Any CPU
		{D829FDFF-F8A6-4156-BA26-83AAACA74379}.Release|Any CPU.Build.0 = Release|Any CPU
	EndGlobalSection
	GlobalSection(SolutionProperties) = preSolution
		HideSolutionNode = FALSE
	EndGlobalSection
	GlobalSection(ExtensibilityGlobals) = postSolution
		SolutionGuid = {1D33D87F-6A07-47D1-B48E-29E9DD635A74}
	EndGlobalSection
EndGlobal
