
Microsoft Visual Studio Solution File, Format Version 12.00
# Visual Studio Version 16
VisualStudioVersion = 16.0.30523.141
MinimumVisualStudioVersion = 10.0.40219.1
Project("{FAE04EC0-301F-11D3-BF4B-00C04F79EFBC}") = "ConsoleApp11", "ConsoleApp11\ConsoleApp11.csproj", "{BCEF5F39-06ED-418F-8DAD-F4F23C2E430A}"
EndProject
Global
	GlobalSection(SolutionConfigurationPlatforms) = preSolution
		Debug|Any CPU = Debug|Any CPU
		Release|Any CPU = Release|Any CPU
	EndGlobalSection
	GlobalSection(ProjectConfigurationPlatforms) = postSolution
		{BCEF5F39-06ED-418F-8DAD-F4F23C2E430A}.Debug|Any CPU.ActiveCfg = Debug|Any CPU
		{BCEF5F39-06ED-418F-8DAD-F4F23C2E430A}.Debug|Any CPU.Build.0 = Debug|Any CPU
		{BCEF5F39-06ED-418F-8DAD-F4F23C2E430A}.Release|Any CPU.ActiveCfg = Release|Any CPU
		{BCEF5F39-06ED-418F-8DAD-F4F23C2E430A}.Release|Any CPU.Build.0 = Release|Any CPU
	EndGlobalSection
	GlobalSection(SolutionProperties) = preSolution
		HideSolutionNode = FALSE
	EndGlobalSection
	GlobalSection(ExtensibilityGlobals) = postSolution
		SolutionGuid = {E03360C5-BB0D-4676-92AA-E52BAFD76962}
	EndGlobalSection
EndGlobal
